<?xml version="1.0" encoding="utf-8"?>
<Project ToolsVersion="4.0" xmlns="http://schemas.microsoft.com/developer/msbuild/2003">
  <ItemGroup>
    <Filter Include="Source Files">
      <UniqueIdentifier>{4FC737F1-C7A5-4376-A066-2A32D752A2FF}</UniqueIdentifier>
      <Extensions>cpp;c;cc;cxx;def;odl;idl;hpj;bat;asm;asmx</Extensions>
    </Filter>
    <Filter Include="Header Files">
      <UniqueIdentifier>{93995380-89BD-4b04-88EB-625FBE52EBFB}</UniqueIdentifier>
      <Extensions>h;hh;hpp;hxx;hm;inl;inc;xsd</Extensions>
    </Filter>
    <Filter Include="Resource Files">
      <UniqueIdentifier>{67DA6AB6-F800-4c08-8B7A-83BB121AAD01}</UniqueIdentifier>
      <Extensions>rc;ico;cur;bmp;dlg;rc2;rct;bin;rgs;gif;jpg;jpeg;jpe;resx;tiff;tif;png;wav</Extensions>
    </Filter>
  </ItemGroup>
  <ItemGroup>
    <ClInclude Include="external\GLEW\include\eglew.h">
      <Filter>Header Files</Filter>
    </ClInclude>
    <ClInclude Include="external\GLEW\include\glew.h">
      <Filter>Header Files</Filter>
    </ClInclude>
    <ClInclude Include="external\GLEW\include\glxew.h">
      <Filter>Header Files</Filter>
    </ClInclude>
    <ClInclude Include="external\GLEW\include\wglew.h">
      <Filter>Header Files</Filter>
    </ClInclude>
    <ClInclude Include="external\SDL_image\include\SDL_image.h">
      <Filter>Header Files</Filter>
    </ClInclude>
    <ClInclude Include="external\SDL_ttf\include\SDL_ttf.h">
      <Filter>Header Files</Filter>
    </ClInclude>
    <ClInclude Include="external\SDL2\include\begin_code.h">
      <Filter>Header Files</Filter>
    </ClInclude>
    <ClInclude Include="external\SDL2\include\close_code.h">
      <Filter>Header Files</Filter>
    </ClInclude>
    <ClInclude Include="external\SDL2\include\SDL.h">
      <Filter>Header Files</Filter>
    </ClInclude>
    <ClInclude Include="external\SDL2\include\SDL_assert.h">
      <Filter>Header Files</Filter>
    </ClInclude>
    <ClInclude Include="external\SDL2\include\SDL_atomic.h">
      <Filter>Header Files</Filter>
    </ClInclude>
    <ClInclude Include="external\SDL2\include\SDL_audio.h">
      <Filter>Header Files</Filter>
    </ClInclude>
    <ClInclude Include="external\SDL2\include\SDL_bits.h">
      <Filter>Header Files</Filter>
    </ClInclude>
    <ClInclude Include="external\SDL2\include\SDL_blendmode.h">
      <Filter>Header Files</Filter>
    </ClInclude>
    <ClInclude Include="external\SDL2\include\SDL_clipboard.h">
      <Filter>Header Files</Filter>
    </ClInclude>
    <ClInclude Include="external\SDL2\include\SDL_config.h">
      <Filter>Header Files</Filter>
    </ClInclude>
    <ClInclude Include="external\SDL2\include\SDL_config_android.h">
      <Filter>Header Files</Filter>
    </ClInclude>
    <ClInclude Include="external\SDL2\include\SDL_config_iphoneos.h">
      <Filter>Header Files</Filter>
    </ClInclude>
    <ClInclude Include="external\SDL2\include\SDL_config_macosx.h">
      <Filter>Header Files</Filter>
    </ClInclude>
    <ClInclude Include="external\SDL2\include\SDL_config_minimal.h">
      <Filter>Header Files</Filter>
    </ClInclude>
    <ClInclude Include="external\SDL2\include\SDL_config_pandora.h">
      <Filter>Header Files</Filter>
    </ClInclude>
    <ClInclude Include="external\SDL2\include\SDL_config_psp.h">
      <Filter>Header Files</Filter>
    </ClInclude>
    <ClInclude Include="external\SDL2\include\SDL_config_windows.h">
      <Filter>Header Files</Filter>
    </ClInclude>
    <ClInclude Include="external\SDL2\include\SDL_config_winrt.h">
      <Filter>Header Files</Filter>
    </ClInclude>
    <ClInclude Include="external\SDL2\include\SDL_config_wiz.h">
      <Filter>Header Files</Filter>
    </ClInclude>
    <ClInclude Include="external\SDL2\include\SDL_copying.h">
      <Filter>Header Files</Filter>
    </ClInclude>
    <ClInclude Include="external\SDL2\include\SDL_cpuinfo.h">
      <Filter>Header Files</Filter>
    </ClInclude>
    <ClInclude Include="external\SDL2\include\SDL_egl.h">
      <Filter>Header Files</Filter>
    </ClInclude>
    <ClInclude Include="external\SDL2\include\SDL_endian.h">
      <Filter>Header Files</Filter>
    </ClInclude>
    <ClInclude Include="external\SDL2\include\SDL_error.h">
      <Filter>Header Files</Filter>
    </ClInclude>
    <ClInclude Include="external\SDL2\include\SDL_events.h">
      <Filter>Header Files</Filter>
    </ClInclude>
    <ClInclude Include="external\SDL2\include\SDL_filesystem.h">
      <Filter>Header Files</Filter>
    </ClInclude>
    <ClInclude Include="external\SDL2\include\SDL_gamecontroller.h">
      <Filter>Header Files</Filter>
    </ClInclude>
    <ClInclude Include="external\SDL2\include\SDL_gesture.h">
      <Filter>Header Files</Filter>
    </ClInclude>
    <ClInclude Include="external\SDL2\include\SDL_haptic.h">
      <Filter>Header Files</Filter>
    </ClInclude>
    <ClInclude Include="external\SDL2\include\SDL_hints.h">
      <Filter>Header Files</Filter>
    </ClInclude>
    <ClInclude Include="external\SDL2\include\SDL_joystick.h">
      <Filter>Header Files</Filter>
    </ClInclude>
    <ClInclude Include="external\SDL2\include\SDL_keyboard.h">
      <Filter>Header Files</Filter>
    </ClInclude>
    <ClInclude Include="external\SDL2\include\SDL_keycode.h">
      <Filter>Header Files</Filter>
    </ClInclude>
    <ClInclude Include="external\SDL2\include\SDL_loadso.h">
      <Filter>Header Files</Filter>
    </ClInclude>
    <ClInclude Include="external\SDL2\include\SDL_log.h">
      <Filter>Header Files</Filter>
    </ClInclude>
    <ClInclude Include="external\SDL2\include\SDL_main.h">
      <Filter>Header Files</Filter>
    </ClInclude>
    <ClInclude Include="external\SDL2\include\SDL_messagebox.h">
      <Filter>Header Files</Filter>
    </ClInclude>
    <ClInclude Include="external\SDL2\include\SDL_mouse.h">
      <Filter>Header Files</Filter>
    </ClInclude>
    <ClInclude Include="external\SDL2\include\SDL_mutex.h">
      <Filter>Header Files</Filter>
    </ClInclude>
    <ClInclude Include="external\SDL2\include\SDL_name.h">
      <Filter>Header Files</Filter>
    </ClInclude>
    <ClInclude Include="external\SDL2\include\SDL_opengl.h">
      <Filter>Header Files</Filter>
    </ClInclude>
    <ClInclude Include="external\SDL2\include\SDL_opengl_glext.h">
      <Filter>Header Files</Filter>
    </ClInclude>
    <ClInclude Include="external\SDL2\include\SDL_opengles.h">
      <Filter>Header Files</Filter>
    </ClInclude>
    <ClInclude Include="external\SDL2\include\SDL_opengles2.h">
      <Filter>Header Files</Filter>
    </ClInclude>
    <ClInclude Include="external\SDL2\include\SDL_opengles2_gl2.h">
      <Filter>Header Files</Filter>
    </ClInclude>
    <ClInclude Include="external\SDL2\include\SDL_opengles2_gl2ext.h">
      <Filter>Header Files</Filter>
    </ClInclude>
    <ClInclude Include="external\SDL2\include\SDL_opengles2_gl2platform.h">
      <Filter>Header Files</Filter>
    </ClInclude>
    <ClInclude Include="external\SDL2\include\SDL_opengles2_khrplatform.h">
      <Filter>Header Files</Filter>
    </ClInclude>
    <ClInclude Include="external\SDL2\include\SDL_pixels.h">
      <Filter>Header Files</Filter>
    </ClInclude>
    <ClInclude Include="external\SDL2\include\SDL_platform.h">
      <Filter>Header Files</Filter>
    </ClInclude>
    <ClInclude Include="external\SDL2\include\SDL_power.h">
      <Filter>Header Files</Filter>
    </ClInclude>
    <ClInclude Include="external\SDL2\include\SDL_quit.h">
      <Filter>Header Files</Filter>
    </ClInclude>
    <ClInclude Include="external\SDL2\include\SDL_rect.h">
      <Filter>Header Files</Filter>
    </ClInclude>
    <ClInclude Include="external\SDL2\include\SDL_render.h">
      <Filter>Header Files</Filter>
    </ClInclude>
    <ClInclude Include="external\SDL2\include\SDL_revision.h">
      <Filter>Header Files</Filter>
    </ClInclude>
    <ClInclude Include="external\SDL2\include\SDL_rwops.h">
      <Filter>Header Files</Filter>
    </ClInclude>
    <ClInclude Include="external\SDL2\include\SDL_scancode.h">
      <Filter>Header Files</Filter>
    </ClInclude>
    <ClInclude Include="external\SDL2\include\SDL_sensor.h">
      <Filter>Header Files</Filter>
    </ClInclude>
    <ClInclude Include="external\SDL2\include\SDL_shape.h">
      <Filter>Header Files</Filter>
    </ClInclude>
    <ClInclude Include="external\SDL2\include\SDL_stdinc.h">
      <Filter>Header Files</Filter>
    </ClInclude>
    <ClInclude Include="external\SDL2\include\SDL_surface.h">
      <Filter>Header Files</Filter>
    </ClInclude>
    <ClInclude Include="external\SDL2\include\SDL_system.h">
      <Filter>Header Files</Filter>
    </ClInclude>
    <ClInclude Include="external\SDL2\include\SDL_syswm.h">
      <Filter>Header Files</Filter>
    </ClInclude>
    <ClInclude Include="external\SDL2\include\SDL_test.h">
      <Filter>Header Files</Filter>
    </ClInclude>
    <ClInclude Include="external\SDL2\include\SDL_test_assert.h">
      <Filter>Header Files</Filter>
    </ClInclude>
    <ClInclude Include="external\SDL2\include\SDL_test_common.h">
      <Filter>Header Files</Filter>
    </ClInclude>
    <ClInclude Include="external\SDL2\include\SDL_test_compare.h">
      <Filter>Header Files</Filter>
    </ClInclude>
    <ClInclude Include="external\SDL2\include\SDL_test_crc32.h">
      <Filter>Header Files</Filter>
    </ClInclude>
    <ClInclude Include="external\SDL2\include\SDL_test_font.h">
      <Filter>Header Files</Filter>
    </ClInclude>
    <ClInclude Include="external\SDL2\include\SDL_test_fuzzer.h">
      <Filter>Header Files</Filter>
    </ClInclude>
    <ClInclude Include="external\SDL2\include\SDL_test_harness.h">
      <Filter>Header Files</Filter>
    </ClInclude>
    <ClInclude Include="external\SDL2\include\SDL_test_images.h">
      <Filter>Header Files</Filter>
    </ClInclude>
    <ClInclude Include="external\SDL2\include\SDL_test_log.h">
      <Filter>Header Files</Filter>
    </ClInclude>
    <ClInclude Include="external\SDL2\include\SDL_test_md5.h">
      <Filter>Header Files</Filter>
    </ClInclude>
    <ClInclude Include="external\SDL2\include\SDL_test_memory.h">
      <Filter>Header Files</Filter>
    </ClInclude>
    <ClInclude Include="external\SDL2\include\SDL_test_random.h">
      <Filter>Header Files</Filter>
    </ClInclude>
    <ClInclude Include="external\SDL2\include\SDL_thread.h">
      <Filter>Header Files</Filter>
    </ClInclude>
    <ClInclude Include="external\SDL2\include\SDL_timer.h">
      <Filter>Header Files</Filter>
    </ClInclude>
    <ClInclude Include="external\SDL2\include\SDL_touch.h">
      <Filter>Header Files</Filter>
    </ClInclude>
    <ClInclude Include="external\SDL2\include\SDL_types.h">
      <Filter>Header Files</Filter>
    </ClInclude>
    <ClInclude Include="external\SDL2\include\SDL_version.h">
      <Filter>Header Files</Filter>
    </ClInclude>
    <ClInclude Include="external\SDL2\include\SDL_video.h">
      <Filter>Header Files</Filter>
    </ClInclude>
    <ClInclude Include="external\SDL2\include\SDL_vulkan.h">
      <Filter>Header Files</Filter>
    </ClInclude>
    <ClInclude Include="engine\tachyon.h">
      <Filter>Header Files</Filter>
    </ClInclude>
    <ClInclude Include="engine\tachyon_types.h">
      <Filter>Header Files</Filter>
    </ClInclude>
    <ClInclude Include="engine\tachyon_life_cycle.h">
      <Filter>Header Files</Filter>
    </ClInclude>
    <ClInclude Include="engine\tachyon_aliases.h">
      <Filter>Header Files</Filter>
    </ClInclude>
    <ClInclude Include="cosmodrone\game.h">
      <Filter>Header Files</Filter>
    </ClInclude>
    <ClInclude Include="engine\tachyon_file_helpers.h">
      <Filter>Header Files</Filter>
    </ClInclude>
    <ClInclude Include="engine\opengl\tachyon_opengl_renderer.h">
      <Filter>Header Files</Filter>
    </ClInclude>
    <ClInclude Include="engine\tachyon_mesh_manager.h">
      <Filter>Header Files</Filter>
    </ClInclude>
    <ClInclude Include="engine\tachyon_loaders.h">
      <Filter>Header Files</Filter>
    </ClInclude>
    <ClInclude Include="engine\tachyon_linear_algebra.h">
      <Filter>Header Files</Filter>
    </ClInclude>
    <ClInclude Include="engine\tachyon_quaternion.h">
      <Filter>Header Files</Filter>
    </ClInclude>
    <ClInclude Include="engine\tachyon_timer.h">
      <Filter>Header Files</Filter>
    </ClInclude>
    <ClInclude Include="engine\opengl\tachyon_opengl_geometry.h">
      <Filter>Header Files</Filter>
    </ClInclude>
    <ClInclude Include="engine\tachyon_input.h">
      <Filter>Header Files</Filter>
    </ClInclude>
    <ClInclude Include="engine\opengl\tachyon_opengl_framebuffer.h">
      <Filter>Header Files</Filter>
    </ClInclude>
    <ClInclude Include="engine\tachyon_camera.h">
      <Filter>Header Files</Filter>
    </ClInclude>
    <ClInclude Include="engine\opengl\tachyon_opengl_shaders.h">
      <Filter>Header Files</Filter>
    </ClInclude>
    <ClInclude Include="engine\tachyon_console.h">
      <Filter>Header Files</Filter>
    </ClInclude>
    <ClInclude Include="cosmodrone\world_setup.h">
      <Filter>Header Files</Filter>
    </ClInclude>
    <ClInclude Include="cosmodrone\game_types.h">
      <Filter>Header Files</Filter>
    </ClInclude>
    <ClInclude Include="cosmodrone\world_behavior.h">
      <Filter>Header Files</Filter>
    </ClInclude>
    <ClInclude Include="cosmodrone\game_editor.h">
      <Filter>Header Files</Filter>
    </ClInclude>
    <ClInclude Include="cosmodrone\mesh_library.h">
      <Filter>Header Files</Filter>
    </ClInclude>
    <ClInclude Include="engine\tachyon_constants.h">
      <Filter>Header Files</Filter>
    </ClInclude>
    <ClInclude Include="engine\tachyon_ui.h">
      <Filter>Header Files</Filter>
    </ClInclude>
    <ClInclude Include="cosmodrone\target_system.h">
      <Filter>Header Files</Filter>
    </ClInclude>
    <ClInclude Include="cosmodrone\hud_system.h">
      <Filter>Header Files</Filter>
    </ClInclude>
    <ClInclude Include="cosmodrone\autopilot.h">
      <Filter>Header Files</Filter>
    </ClInclude>
    <ClInclude Include="engine\tachyon_random.h">
      <Filter>Header Files</Filter>
    </ClInclude>
    <ClInclude Include="cosmodrone\procedural_generation.h">
      <Filter>Header Files</Filter>
    </ClInclude>
    <ClInclude Include="cosmodrone\mesh_ids.h">
      <Filter>Header Files</Filter>
    </ClInclude>
    <ClInclude Include="cosmodrone\object_behavior.h">
      <Filter>Header Files</Filter>
    </ClInclude>
    <ClInclude Include="engine\tachyon_easing.h">
      <Filter>Header Files</Filter>
    </ClInclude>
    <ClInclude Include="cosmodrone\beacons.h">
      <Filter>Header Files</Filter>
    </ClInclude>
    <ClInclude Include="cosmodrone\drone_flight_system.h">
      <Filter>Header Files</Filter>
    </ClInclude>
    <ClInclude Include="cosmodrone\flight_system_delegator.h">
      <Filter>Header Files</Filter>
    </ClInclude>
    <ClInclude Include="cosmodrone\background_vehicles.h">
      <Filter>Header Files</Filter>
    </ClInclude>
    <ClInclude Include="cosmodrone\piloting.h">
      <Filter>Header Files</Filter>
    </ClInclude>
    <ClInclude Include="cosmodrone\fighter_flight_system.h">
      <Filter>Header Files</Filter>
    </ClInclude>
    <ClInclude Include="cosmodrone\utilities.h">
      <Filter>Header Files</Filter>
    </ClInclude>
    <ClInclude Include="cosmodrone\lights.h">
      <Filter>Header Files</Filter>
    </ClInclude>
    <ClInclude Include="cosmodrone\bullets.h">
      <Filter>Header Files</Filter>
    </ClInclude>
    <ClInclude Include="cosmodrone\fighter.h">
      <Filter>Header Files</Filter>
    </ClInclude>
    <ClInclude Include="astro\game.h">
      <Filter>Header Files</Filter>
    </ClInclude>
    <ClInclude Include="astro\game_state.h">
      <Filter>Header Files</Filter>
    </ClInclude>
    <ClInclude Include="astro\mesh_library.h">
      <Filter>Header Files</Filter>
    </ClInclude>
    <ClInclude Include="astro\object_manager.h">
      <Filter>Header Files</Filter>
    </ClInclude>
    <ClInclude Include="astro\time_evolution.h">
      <Filter>Header Files</Filter>
    </ClInclude>
    <ClInclude Include="astro\entities.h">
      <Filter>Header Files</Filter>
    </ClInclude>
    <ClInclude Include="astro\entity_manager.h">
      <Filter>Header Files</Filter>
    </ClInclude>
  </ItemGroup>
  <ItemGroup>
    <ClCompile Include="main.cpp">
      <Filter>Source Files</Filter>
    </ClCompile>
    <ClCompile Include="engine\tachyon_life_cycle.cpp">
      <Filter>Source Files</Filter>
    </ClCompile>
    <ClCompile Include="cosmodrone\game.cpp">
      <Filter>Source Files</Filter>
    </ClCompile>
    <ClCompile Include="engine\tachyon_file_helpers.cpp">
      <Filter>Source Files</Filter>
    </ClCompile>
    <ClCompile Include="engine\opengl\tachyon_opengl_renderer.cpp">
      <Filter>Source Files</Filter>
    </ClCompile>
    <ClCompile Include="engine\tachyon_mesh_manager.cpp">
      <Filter>Source Files</Filter>
    </ClCompile>
    <ClCompile Include="engine\tachyon_loaders.cpp">
      <Filter>Source Files</Filter>
    </ClCompile>
    <ClCompile Include="engine\tachyon_linear_algebra.cpp">
      <Filter>Source Files</Filter>
    </ClCompile>
    <ClCompile Include="engine\tachyon_quaternion.cpp">
      <Filter>Source Files</Filter>
    </ClCompile>
    <ClCompile Include="engine\tachyon_timer.cpp">
      <Filter>Source Files</Filter>
    </ClCompile>
    <ClCompile Include="engine\opengl\tachyon_opengl_geometry.cpp">
      <Filter>Source Files</Filter>
    </ClCompile>
    <ClCompile Include="engine\tachyon_input.cpp">
      <Filter>Source Files</Filter>
    </ClCompile>
    <ClCompile Include="engine\opengl\tachyon_opengl_framebuffer.cpp">
      <Filter>Source Files</Filter>
    </ClCompile>
    <ClCompile Include="engine\tachyon_camera.cpp">
      <Filter>Source Files</Filter>
    </ClCompile>
    <ClCompile Include="engine\opengl\tachyon_opengl_shaders.cpp">
      <Filter>Source Files</Filter>
    </ClCompile>
    <ClCompile Include="engine\tachyon_console.cpp">
      <Filter>Source Files</Filter>
    </ClCompile>
    <ClCompile Include="cosmodrone\world_setup.cpp">
      <Filter>Source Files</Filter>
    </ClCompile>
    <ClCompile Include="cosmodrone\world_behavior.cpp">
      <Filter>Source Files</Filter>
    </ClCompile>
    <ClCompile Include="cosmodrone\game_editor.cpp">
      <Filter>Source Files</Filter>
    </ClCompile>
    <ClCompile Include="cosmodrone\mesh_library.cpp">
      <Filter>Source Files</Filter>
    </ClCompile>
    <ClCompile Include="engine\tachyon_ui.cpp">
      <Filter>Source Files</Filter>
    </ClCompile>
    <ClCompile Include="cosmodrone\target_system.cpp">
      <Filter>Source Files</Filter>
    </ClCompile>
    <ClCompile Include="cosmodrone\hud_system.cpp">
      <Filter>Source Files</Filter>
    </ClCompile>
    <ClCompile Include="cosmodrone\autopilot.cpp">
      <Filter>Source Files</Filter>
    </ClCompile>
    <ClCompile Include="engine\tachyon_random.cpp">
      <Filter>Source Files</Filter>
    </ClCompile>
    <ClCompile Include="cosmodrone\procedural_generation.cpp">
      <Filter>Source Files</Filter>
    </ClCompile>
    <ClCompile Include="cosmodrone\object_behavior.cpp">
      <Filter>Source Files</Filter>
    </ClCompile>
    <ClCompile Include="engine\tachyon_easing.cpp">
      <Filter>Source Files</Filter>
    </ClCompile>
    <ClCompile Include="cosmodrone\beacons.cpp">
      <Filter>Source Files</Filter>
    </ClCompile>
    <ClCompile Include="cosmodrone\drone_flight_system.cpp">
      <Filter>Source Files</Filter>
    </ClCompile>
    <ClCompile Include="cosmodrone\flight_system_delegator.cpp">
      <Filter>Source Files</Filter>
    </ClCompile>
    <ClCompile Include="cosmodrone\background_vehicles.cpp">
      <Filter>Source Files</Filter>
    </ClCompile>
    <ClCompile Include="cosmodrone\piloting.cpp">
      <Filter>Source Files</Filter>
    </ClCompile>
    <ClCompile Include="cosmodrone\fighter_flight_system.cpp">
      <Filter>Source Files</Filter>
    </ClCompile>
    <ClCompile Include="cosmodrone\utilities.cpp">
      <Filter>Source Files</Filter>
    </ClCompile>
    <ClCompile Include="cosmodrone\lights.cpp">
      <Filter>Source Files</Filter>
    </ClCompile>
    <ClCompile Include="cosmodrone\bullets.cpp">
      <Filter>Source Files</Filter>
    </ClCompile>
    <ClCompile Include="cosmodrone\fighter.cpp">
      <Filter>Source Files</Filter>
    </ClCompile>
    <ClCompile Include="astro\game.cpp">
      <Filter>Source Files</Filter>
    </ClCompile>
    <ClCompile Include="astro\mesh_library.cpp">
      <Filter>Source Files</Filter>
    </ClCompile>
    <ClCompile Include="astro\object_manager.cpp">
      <Filter>Source Files</Filter>
    </ClCompile>
    <ClCompile Include="astro\time_evolution.cpp">
      <Filter>Source Files</Filter>
    </ClCompile>
    <ClCompile Include="astro\entity_manager.cpp">
      <Filter>Source Files</Filter>
    </ClCompile>
  </ItemGroup>
</Project>